// !$*UTF8*$!
{
	archiveVersion = 1;
	classes = {
	};
	objectVersion = 50;
	objects = {

/* Begin PBXBuildFile section */
		AF8096822476FB29003978F9 /* AppDelegate.swift in Sources */ = {isa = PBXBuildFile; fileRef = AF8096812476FB29003978F9 /* AppDelegate.swift */; };
		AF8096842476FB29003978F9 /* SceneDelegate.swift in Sources */ = {isa = PBXBuildFile; fileRef = AF8096832476FB29003978F9 /* SceneDelegate.swift */; };
		AF8096862476FB29003978F9 /* ViewController.swift in Sources */ = {isa = PBXBuildFile; fileRef = AF8096852476FB29003978F9 /* ViewController.swift */; };
		AF8096892476FB29003978F9 /* Main.storyboard in Resources */ = {isa = PBXBuildFile; fileRef = AF8096872476FB29003978F9 /* Main.storyboard */; };
		AF80968B2476FB2C003978F9 /* Assets.xcassets in Resources */ = {isa = PBXBuildFile; fileRef = AF80968A2476FB2C003978F9 /* Assets.xcassets */; };
		AF80968E2476FB2C003978F9 /* LaunchScreen.storyboard in Resources */ = {isa = PBXBuildFile; fileRef = AF80968C2476FB2C003978F9 /* LaunchScreen.storyboard */; };
		AF8096962476FF46003978F9 /* DataManager.swift in Sources */ = {isa = PBXBuildFile; fileRef = AF8096952476FF46003978F9 /* DataManager.swift */; };
		AF80969824771083003978F9 /* CoreSpotlightVC.swift in Sources */ = {isa = PBXBuildFile; fileRef = AF80969724771083003978F9 /* CoreSpotlightVC.swift */; };
/* End PBXBuildFile section */

/* Begin PBXFileReference section */
		AF80967E2476FB29003978F9 /* Spotlight test.app */ = {isa = PBXFileReference; explicitFileType = wrapper.application; includeInIndex = 0; path = "Spotlight test.app"; sourceTree = BUILT_PRODUCTS_DIR; };
		AF8096812476FB29003978F9 /* AppDelegate.swift */ = {isa = PBXFileReference; lastKnownFileType = sourcecode.swift; path = AppDelegate.swift; sourceTree = "<group>"; };
		AF8096832476FB29003978F9 /* SceneDelegate.swift */ = {isa = PBXFileReference; lastKnownFileType = sourcecode.swift; path = SceneDelegate.swift; sourceTree = "<group>"; };
		AF8096852476FB29003978F9 /* ViewController.swift */ = {isa = PBXFileReference; lastKnownFileType = sourcecode.swift; path = ViewController.swift; sourceTree = "<group>"; };
		AF8096882476FB29003978F9 /* Base */ = {isa = PBXFileReference; lastKnownFileType = file.storyboard; name = Base; path = Base.lproj/Main.storyboard; sourceTree = "<group>"; };
		AF80968A2476FB2C003978F9 /* Assets.xcassets */ = {isa = PBXFileReference; lastKnownFileType = folder.assetcatalog; path = Assets.xcassets; sourceTree = "<group>"; };
		AF80968D2476FB2C003978F9 /* Base */ = {isa = PBXFileReference; lastKnownFileType = file.storyboard; name = Base; path = Base.lproj/LaunchScreen.storyboard; sourceTree = "<group>"; };
		AF80968F2476FB2C003978F9 /* Info.plist */ = {isa = PBXFileReference; lastKnownFileType = text.plist.xml; path = Info.plist; sourceTree = "<group>"; };
		AF8096952476FF46003978F9 /* DataManager.swift */ = {isa = PBXFileReference; lastKnownFileType = sourcecode.swift; path = DataManager.swift; sourceTree = "<group>"; };
		AF80969724771083003978F9 /* CoreSpotlightVC.swift */ = {isa = PBXFileReference; lastKnownFileType = sourcecode.swift; path = CoreSpotlightVC.swift; sourceTree = "<group>"; };
/* End PBXFileReference section */

/* Begin PBXFrameworksBuildPhase section */
		AF80967B2476FB29003978F9 /* Frameworks */ = {
			isa = PBXFrameworksBuildPhase;
			buildActionMask = 2147483647;
			files = (
			);
			runOnlyForDeploymentPostprocessing = 0;
		};
/* End PBXFrameworksBuildPhase section */

/* Begin PBXGroup section */
		AF8096752476FB29003978F9 = {
			isa = PBXGroup;
			children = (
				AF8096802476FB29003978F9 /* SomethingUseless */,
				AF80967F2476FB29003978F9 /* Products */,
			);
			sourceTree = "<group>";
		};
		AF80967F2476FB29003978F9 /* Products */ = {
			isa = PBXGroup;
			children = (
				AF80967E2476FB29003978F9 /* Spotlight test.app */,
			);
			name = Products;
			sourceTree = "<group>";
		};
		AF8096802476FB29003978F9 /* SomethingUseless */ = {
			isa = PBXGroup;
			children = (
				AF80969724771083003978F9 /* CoreSpotlightVC.swift */,
				AF8096812476FB29003978F9 /* AppDelegate.swift */,
				AF8096832476FB29003978F9 /* SceneDelegate.swift */,
				AF8096852476FB29003978F9 /* ViewController.swift */,
				AF8096872476FB29003978F9 /* Main.storyboard */,
				AF80968A2476FB2C003978F9 /* Assets.xcassets */,
				AF80968C2476FB2C003978F9 /* LaunchScreen.storyboard */,
				AF80968F2476FB2C003978F9 /* Info.plist */,
				AF8096952476FF46003978F9 /* DataManager.swift */,
			);
			path = SomethingUseless;
			sourceTree = "<group>";
		};
/* End PBXGroup section */

/* Begin PBXNativeTarget section */
		AF80967D2476FB29003978F9 /* SomethingUseless */ = {
			isa = PBXNativeTarget;
			buildConfigurationList = AF8096922476FB2C003978F9 /* Build configuration list for PBXNativeTarget "SomethingUseless" */;
			buildPhases = (
				AF80967A2476FB29003978F9 /* Sources */,
				AF80967B2476FB29003978F9 /* Frameworks */,
				AF80967C2476FB29003978F9 /* Resources */,
			);
			buildRules = (
			);
			dependencies = (
			);
			name = SomethingUseless;
			productName = SomethingUseless;
			productReference = AF80967E2476FB29003978F9 /* Spotlight test.app */;
			productType = "com.apple.product-type.application";
		};
/* End PBXNativeTarget section */

/* Begin PBXProject section */
		AF8096762476FB29003978F9 /* Project object */ = {
			isa = PBXProject;
			attributes = {
				LastSwiftUpdateCheck = 1140;
				LastUpgradeCheck = 1140;
				ORGANIZATIONNAME = "Иван Трофимов";
				TargetAttributes = {
					AF80967D2476FB29003978F9 = {
						CreatedOnToolsVersion = 11.4.1;
					};
				};
			};
			buildConfigurationList = AF8096792476FB29003978F9 /* Build configuration list for PBXProject "SomethingUseless" */;
			compatibilityVersion = "Xcode 9.3";
			developmentRegion = en;
			hasScannedForEncodings = 0;
			knownRegions = (
				en,
				Base,
			);
			mainGroup = AF8096752476FB29003978F9;
			productRefGroup = AF80967F2476FB29003978F9 /* Products */;
			projectDirPath = "";
			projectRoot = "";
			targets = (
				AF80967D2476FB29003978F9 /* SomethingUseless */,
			);
		};
/* End PBXProject section */

/* Begin PBXResourcesBuildPhase section */
		AF80967C2476FB29003978F9 /* Resources */ = {
			isa = PBXResourcesBuildPhase;
			buildActionMask = 2147483647;
			files = (
				AF80968E2476FB2C003978F9 /* LaunchScreen.storyboard in Resources */,
				AF80968B2476FB2C003978F9 /* Assets.xcassets in Resources */,
				AF8096892476FB29003978F9 /* Main.storyboard in Resources */,
			);
			runOnlyForDeploymentPostprocessing = 0;
		};
/* End PBXResourcesBuildPhase section */

/* Begin PBXSourcesBuildPhase section */
		AF80967A2476FB29003978F9 /* Sources */ = {
			isa = PBXSourcesBuildPhase;
			buildActionMask = 2147483647;
			files = (
				AF8096862476FB29003978F9 /* ViewController.swift in Sources */,
				AF8096962476FF46003978F9 /* DataManager.swift in Sources */,
				AF8096822476FB29003978F9 /* AppDelegate.swift in Sources */,
				AF80969824771083003978F9 /* CoreSpotlightVC.swift in Sources */,
				AF8096842476FB29003978F9 /* SceneDelegate.swift in Sources */,
			);
			runOnlyForDeploymentPostprocessing = 0;
		};
/* End PBXSourcesBuildPhase section */

/* Begin PBXVariantGroup section */
		AF8096872476FB29003978F9 /* Main.storyboard */ = {
			isa = PBXVariantGroup;
			children = (
				AF8096882476FB29003978F9 /* Base */,
			);
			name = Main.storyboard;
			sourceTree = "<group>";
		};
		AF80968C2476FB2C003978F9 /* LaunchScreen.storyboard */ = {
			isa = PBXVariantGroup;
			children = (
				AF80968D2476FB2C003978F9 /* Base */,
			);
			name = LaunchScreen.storyboard;
			sourceTree = "<group>";
		};
/* End PBXVariantGroup section */

/* Begin XCBuildConfiguration section */
		AF8096902476FB2C003978F9 /* Debug */ = {
			isa = XCBuildConfiguration;
			buildSettings = {
				ALWAYS_SEARCH_USER_PATHS = NO;
				CLANG_ANALYZER_NONNULL = YES;
				CLANG_ANALYZER_NUMBER_OBJECT_CONVERSION = YES_AGGRESSIVE;
				CLANG_CXX_LANGUAGE_STANDARD = "gnu++14";
				CLANG_CXX_LIBRARY = "libc++";
				CLANG_ENABLE_MODULES = YES;
				CLANG_ENABLE_OBJC_ARC = YES;
				CLANG_ENABLE_OBJC_WEAK = YES;
				CLANG_WARN_BLOCK_CAPTURE_AUTORELEASING = YES;
				CLANG_WARN_BOOL_CONVERSION = YES;
				CLANG_WARN_COMMA = YES;
				CLANG_WARN_CONSTANT_CONVERSION = YES;
				CLANG_WARN_DEPRECATED_OBJC_IMPLEMENTATIONS = YES;
				CLANG_WARN_DIRECT_OBJC_ISA_USAGE = YES_ERROR;
				CLANG_WARN_DOCUMENTATION_COMMENTS = YES;
				CLANG_WARN_EMPTY_BODY = YES;
				CLANG_WARN_ENUM_CONVERSION = YES;
				CLANG_WARN_INFINITE_RECURSION = YES;
				CLANG_WARN_INT_CONVERSION = YES;
				CLANG_WARN_NON_LITERAL_NULL_CONVERSION = YES;
				CLANG_WARN_OBJC_IMPLICIT_RETAIN_SELF = YES;
				CLANG_WARN_OBJC_LITERAL_CONVERSION = YES;
				CLANG_WARN_OBJC_ROOT_CLASS = YES_ERROR;
				CLANG_WARN_RANGE_LOOP_ANALYSIS = YES;
				CLANG_WARN_STRICT_PROTOTYPES = YES;
				CLANG_WARN_SUSPICIOUS_MOVE = YES;
				CLANG_WARN_UNGUARDED_AVAILABILITY = YES_AGGRESSIVE;
				CLANG_WARN_UNREACHABLE_CODE = YES;
				CLANG_WARN__DUPLICATE_METHOD_MATCH = YES;
				COPY_PHASE_STRIP = NO;
				DEBUG_INFORMATION_FORMAT = dwarf;
				ENABLE_STRICT_OBJC_MSGSEND = YES;
				ENABLE_TESTABILITY = YES;
				GCC_C_LANGUAGE_STANDARD = gnu11;
				GCC_DYNAMIC_NO_PIC = NO;
				GCC_NO_COMMON_BLOCKS = YES;
				GCC_OPTIMIZATION_LEVEL = 0;
				GCC_PREPROCESSOR_DEFINITIONS = (
					"DEBUG=1",
					"$(inherited)",
				);
				GCC_WARN_64_TO_32_BIT_CONVERSION = YES;
				GCC_WARN_ABOUT_RETURN_TYPE = YES_ERROR;
				GCC_WARN_UNDECLARED_SELECTOR = YES;
				GCC_WARN_UNINITIALIZED_AUTOS = YES_AGGRESSIVE;
				GCC_WARN_UNUSED_FUNCTION = YES;
				GCC_WARN_UNUSED_VARIABLE = YES;
				IPHONEOS_DEPLOYMENT_TARGET = 13.4;
				MTL_ENABLE_DEBUG_INFO = INCLUDE_SOURCE;
				MTL_FAST_MATH = YES;
				ONLY_ACTIVE_ARCH = YES;
				SDKROOT = iphoneos;
				SWIFT_ACTIVE_COMPILATION_CONDITIONS = DEBUG;
				SWIFT_OPTIMIZATION_LEVEL = "-Onone";
			};
			name = Debug;
		};
		AF8096912476FB2C003978F9 /* Release */ = {
			isa = XCBuildConfiguration;
			buildSettings = {
				ALWAYS_SEARCH_USER_PATHS = NO;
				CLANG_ANALYZER_NONNULL = YES;
				CLANG_ANALYZER_NUMBER_OBJECT_CONVERSION = YES_AGGRESSIVE;
				CLANG_CXX_LANGUAGE_STANDARD = "gnu++14";
				CLANG_CXX_LIBRARY = "libc++";
				CLANG_ENABLE_MODULES = YES;
				CLANG_ENABLE_OBJC_ARC = YES;
				CLANG_ENABLE_OBJC_WEAK = YES;
				CLANG_WARN_BLOCK_CAPTURE_AUTORELEASING = YES;
				CLANG_WARN_BOOL_CONVERSION = YES;
				CLANG_WARN_COMMA = YES;
				CLANG_WARN_CONSTANT_CONVERSION = YES;
				CLANG_WARN_DEPRECATED_OBJC_IMPLEMENTATIONS = YES;
				CLANG_WARN_DIRECT_OBJC_ISA_USAGE = YES_ERROR;
				CLANG_WARN_DOCUMENTATION_COMMENTS = YES;
				CLANG_WARN_EMPTY_BODY = YES;
				CLANG_WARN_ENUM_CONVERSION = YES;
				CLANG_WARN_INFINITE_RECURSION = YES;
				CLANG_WARN_INT_CONVERSION = YES;
				CLANG_WARN_NON_LITERAL_NULL_CONVERSION = YES;
				CLANG_WARN_OBJC_IMPLICIT_RETAIN_SELF = YES;
				CLANG_WARN_OBJC_LITERAL_CONVERSION = YES;
				CLANG_WARN_OBJC_ROOT_CLASS = YES_ERROR;
				CLANG_WARN_RANGE_LOOP_ANALYSIS = YES;
				CLANG_WARN_STRICT_PROTOTYPES = YES;
				CLANG_WARN_SUSPICIOUS_MOVE = YES;
				CLANG_WARN_UNGUARDED_AVAILABILITY = YES_AGGRESSIVE;
				CLANG_WARN_UNREACHABLE_CODE = YES;
				CLANG_WARN__DUPLICATE_METHOD_MATCH = YES;
				COPY_PHASE_STRIP = NO;
				DEBUG_INFORMATION_FORMAT = "dwarf-with-dsym";
				ENABLE_NS_ASSERTIONS = NO;
				ENABLE_STRICT_OBJC_MSGSEND = YES;
				GCC_C_LANGUAGE_STANDARD = gnu11;
				GCC_NO_COMMON_BLOCKS = YES;
				GCC_WARN_64_TO_32_BIT_CONVERSION = YES;
				GCC_WARN_ABOUT_RETURN_TYPE = YES_ERROR;
				GCC_WARN_UNDECLARED_SELECTOR = YES;
				GCC_WARN_UNINITIALIZED_AUTOS = YES_AGGRESSIVE;
				GCC_WARN_UNUSED_FUNCTION = YES;
				GCC_WARN_UNUSED_VARIABLE = YES;
				IPHONEOS_DEPLOYMENT_TARGET = 13.4;
				MTL_ENABLE_DEBUG_INFO = NO;
				MTL_FAST_MATH = YES;
				SDKROOT = iphoneos;
				SWIFT_COMPILATION_MODE = wholemodule;
				SWIFT_OPTIMIZATION_LEVEL = "-O";
				VALIDATE_PRODUCT = YES;
			};
			name = Release;
		};
		AF8096932476FB2C003978F9 /* Debug */ = {
			isa = XCBuildConfiguration;
			buildSettings = {
				ASSETCATALOG_COMPILER_APPICON_NAME = AppIcon;
				CODE_SIGN_STYLE = Automatic;
				DEVELOPMENT_TEAM = NH5BYD8NML;
				INFOPLIST_FILE = SomethingUseless/Info.plist;
				IPHONEOS_DEPLOYMENT_TARGET = 13.0;
				LD_RUNPATH_SEARCH_PATHS = (
					"$(inherited)",
					"@executable_path/Frameworks",
				);
				PRODUCT_BUNDLE_IDENTIFIER = trofimov.spotlightTest.SomethingUseless;
				PRODUCT_NAME = "Spotlight test";
				SWIFT_VERSION = 5.0;
				TARGETED_DEVICE_FAMILY = "1,2";
			};
			name = Debug;
		};
		AF8096942476FB2C003978F9 /* Release */ = {
			isa = XCBuildConfiguration;
			buildSettings = {
				ASSETCATALOG_COMPILER_APPICON_NAME = AppIcon;
				CODE_SIGN_STYLE = Automatic;
				DEVELOPMENT_TEAM = NH5BYD8NML;
				INFOPLIST_FILE = SomethingUseless/Info.plist;
				IPHONEOS_DEPLOYMENT_TARGET = 13.0;
				LD_RUNPATH_SEARCH_PATHS = (
					"$(inherited)",
					"@executable_path/Frameworks",
				);
				PRODUCT_BUNDLE_IDENTIFIER = trofimov.spotlightTest.SomethingUseless;
				PRODUCT_NAME = "Spotlight test";
				SWIFT_VERSION = 5.0;
				TARGETED_DEVICE_FAMILY = "1,2";
			};
			name = Release;
		};
/* End XCBuildConfiguration section */

/* Begin XCConfigurationList section */
		AF8096792476FB29003978F9 /* Build configuration list for PBXProject "SomethingUseless" */ = {
			isa = XCConfigurationList;
			buildConfigurations = (
				AF8096902476FB2C003978F9 /* Debug */,
				AF8096912476FB2C003978F9 /* Release */,
			);
			defaultConfigurationIsVisible = 0;
			defaultConfigurationName = Release;
		};
		AF8096922476FB2C003978F9 /* Build configuration list for PBXNativeTarget "SomethingUseless" */ = {
			isa = XCConfigurationList;
			buildConfigurations = (
				AF8096932476FB2C003978F9 /* Debug */,
				AF8096942476FB2C003978F9 /* Release */,
			);
			defaultConfigurationIsVisible = 0;
			defaultConfigurationName = Release;
		};
/* End XCConfigurationList section */
	};
	rootObject = AF8096762476FB29003978F9 /* Project object */;
}
